
Microsoft Visual Studio Solution File, Format Version 12.00
# Visual Studio Version 16
VisualStudioVersion = 16.0.32106.194
MinimumVisualStudioVersion = 10.0.40219.1
Project("{FAE04EC0-301F-11D3-BF4B-00C04F79EFBC}") = "s8input", "s8input\s8input.csproj", "{F20E564E-EB4C-45A5-B301-8859F836B6CD}"
EndProject
Global
	GlobalSection(SolutionConfigurationPlatforms) = preSolution
		Debug|Any CPU = Debug|Any CPU
		Release|Any CPU = Release|Any CPU
	EndGlobalSection
	GlobalSection(ProjectConfigurationPlatforms) = postSolution
		{F20E564E-EB4C-45A5-B301-8859F836B6CD}.Debug|Any CPU.ActiveCfg = Debug|Any CPU
		{F20E564E-EB4C-45A5-B301-8859F836B6CD}.Debug|Any CPU.Build.0 = Debug|Any CPU
		{F20E564E-EB4C-45A5-B301-8859F836B6CD}.Release|Any CPU.ActiveCfg = Release|Any CPU
		{F20E564E-EB4C-45A5-B301-8859F836B6CD}.Release|Any CPU.Build.0 = Release|Any CPU
	EndGlobalSection
	GlobalSection(SolutionProperties) = preSolution
		HideSolutionNode = FALSE
	EndGlobalSection
	GlobalSection(ExtensibilityGlobals) = postSolution
		SolutionGuid = {3913C0C7-CD7E-4A8F-AF6F-A8C32AC7888F}
	EndGlobalSection
EndGlobal
